// !$*UTF8*$!
{
	archiveVersion = 1;
	classes = {
	};
	objectVersion = 56;
	objects = {

/* Begin PBXBuildFile section */
		1F1C4EBE2946632100722E89 /* ColorSlidersApp.swift in Sources */ = {isa = PBXBuildFile; fileRef = 1F1C4EBD2946632100722E89 /* ColorSlidersApp.swift */; };
		1F1C4EC02946632100722E89 /* ContentView.swift in Sources */ = {isa = PBXBuildFile; fileRef = 1F1C4EBF2946632100722E89 /* ContentView.swift */; };
		1F1C4EC22946632700722E89 /* Assets.xcassets in Resources */ = {isa = PBXBuildFile; fileRef = 1F1C4EC12946632700722E89 /* Assets.xcassets */; };
		1F1C4EC52946632700722E89 /* Preview Assets.xcassets in Resources */ = {isa = PBXBuildFile; fileRef = 1F1C4EC42946632700722E89 /* Preview Assets.xcassets */; };
		1F211D6D294888A40009DF65 /* TextfieldView.swift in Sources */ = {isa = PBXBuildFile; fileRef = 1F211D6C294888A40009DF65 /* TextfieldView.swift */; };
		1F211D6F294889340009DF65 /* ColorTextView.swift in Sources */ = {isa = PBXBuildFile; fileRef = 1F211D6E294889340009DF65 /* ColorTextView.swift */; };
		1F211D7129488A950009DF65 /* ColorRectangleView.swift in Sources */ = {isa = PBXBuildFile; fileRef = 1F211D7029488A950009DF65 /* ColorRectangleView.swift */; };
		1F211D7329489C460009DF65 /* ColorToolsView.swift in Sources */ = {isa = PBXBuildFile; fileRef = 1F211D7229489C460009DF65 /* ColorToolsView.swift */; };
/* End PBXBuildFile section */

/* Begin PBXFileReference section */
		1F1C4EBA2946632100722E89 /* ColorSliders.app */ = {isa = PBXFileReference; explicitFileType = wrapper.application; includeInIndex = 0; path = ColorSliders.app; sourceTree = BUILT_PRODUCTS_DIR; };
		1F1C4EBD2946632100722E89 /* ColorSlidersApp.swift */ = {isa = PBXFileReference; lastKnownFileType = sourcecode.swift; path = ColorSlidersApp.swift; sourceTree = "<group>"; };
		1F1C4EBF2946632100722E89 /* ContentView.swift */ = {isa = PBXFileReference; lastKnownFileType = sourcecode.swift; path = ContentView.swift; sourceTree = "<group>"; };
		1F1C4EC12946632700722E89 /* Assets.xcassets */ = {isa = PBXFileReference; lastKnownFileType = folder.assetcatalog; path = Assets.xcassets; sourceTree = "<group>"; };
		1F1C4EC42946632700722E89 /* Preview Assets.xcassets */ = {isa = PBXFileReference; lastKnownFileType = folder.assetcatalog; path = "Preview Assets.xcassets"; sourceTree = "<group>"; };
		1F211D6C294888A40009DF65 /* TextfieldView.swift */ = {isa = PBXFileReference; lastKnownFileType = sourcecode.swift; path = TextfieldView.swift; sourceTree = "<group>"; };
		1F211D6E294889340009DF65 /* ColorTextView.swift */ = {isa = PBXFileReference; lastKnownFileType = sourcecode.swift; path = ColorTextView.swift; sourceTree = "<group>"; };
		1F211D7029488A950009DF65 /* ColorRectangleView.swift */ = {isa = PBXFileReference; lastKnownFileType = sourcecode.swift; path = ColorRectangleView.swift; sourceTree = "<group>"; };
		1F211D7229489C460009DF65 /* ColorToolsView.swift */ = {isa = PBXFileReference; lastKnownFileType = sourcecode.swift; path = ColorToolsView.swift; sourceTree = "<group>"; };
/* End PBXFileReference section */

/* Begin PBXFrameworksBuildPhase section */
		1F1C4EB72946632100722E89 /* Frameworks */ = {
			isa = PBXFrameworksBuildPhase;
			buildActionMask = 2147483647;
			files = (
			);
			runOnlyForDeploymentPostprocessing = 0;
		};
/* End PBXFrameworksBuildPhase section */

/* Begin PBXGroup section */
		1F1C4EB12946632100722E89 = {
			isa = PBXGroup;
			children = (
				1F1C4EBC2946632100722E89 /* ColorSliders */,
				1F1C4EBB2946632100722E89 /* Products */,
			);
			sourceTree = "<group>";
		};
		1F1C4EBB2946632100722E89 /* Products */ = {
			isa = PBXGroup;
			children = (
				1F1C4EBA2946632100722E89 /* ColorSliders.app */,
			);
			name = Products;
			sourceTree = "<group>";
		};
		1F1C4EBC2946632100722E89 /* ColorSliders */ = {
			isa = PBXGroup;
			children = (
				1F1C4EBD2946632100722E89 /* ColorSlidersApp.swift */,
				1F1C4EBF2946632100722E89 /* ContentView.swift */,
				1F211D6C294888A40009DF65 /* TextfieldView.swift */,
				1F211D6E294889340009DF65 /* ColorTextView.swift */,
				1F211D7029488A950009DF65 /* ColorRectangleView.swift */,
				1F211D7229489C460009DF65 /* ColorToolsView.swift */,
				1F1C4EC12946632700722E89 /* Assets.xcassets */,
				1F1C4EC32946632700722E89 /* Preview Content */,
			);
			path = ColorSliders;
			sourceTree = "<group>";
		};
		1F1C4EC32946632700722E89 /* Preview Content */ = {
			isa = PBXGroup;
			children = (
				1F1C4EC42946632700722E89 /* Preview Assets.xcassets */,
			);
			path = "Preview Content";
			sourceTree = "<group>";
		};
/* End PBXGroup section */

/* Begin PBXNativeTarget section */
		1F1C4EB92946632100722E89 /* ColorSliders */ = {
			isa = PBXNativeTarget;
			buildConfigurationList = 1F1C4EC82946632700722E89 /* Build configuration list for PBXNativeTarget "ColorSliders" */;
			buildPhases = (
				1F1C4EB62946632100722E89 /* Sources */,
				1F1C4EB72946632100722E89 /* Frameworks */,
				1F1C4EB82946632100722E89 /* Resources */,
			);
			buildRules = (
			);
			dependencies = (
			);
			name = ColorSliders;
			productName = ColorSliders;
			productReference = 1F1C4EBA2946632100722E89 /* ColorSliders.app */;
			productType = "com.apple.product-type.application";
		};
/* End PBXNativeTarget section */

/* Begin PBXProject section */
		1F1C4EB22946632100722E89 /* Project object */ = {
			isa = PBXProject;
			attributes = {
				BuildIndependentTargetsInParallel = 1;
				LastSwiftUpdateCheck = 1400;
				LastUpgradeCheck = 1400;
				TargetAttributes = {
					1F1C4EB92946632100722E89 = {
						CreatedOnToolsVersion = 14.0;
					};
				};
			};
			buildConfigurationList = 1F1C4EB52946632100722E89 /* Build configuration list for PBXProject "ColorSliders" */;
			compatibilityVersion = "Xcode 14.0";
			developmentRegion = en;
			hasScannedForEncodings = 0;
			knownRegions = (
				en,
				Base,
			);
			mainGroup = 1F1C4EB12946632100722E89;
			productRefGroup = 1F1C4EBB2946632100722E89 /* Products */;
			projectDirPath = "";
			projectRoot = "";
			targets = (
				1F1C4EB92946632100722E89 /* ColorSliders */,
			);
		};
/* End PBXProject section */

/* Begin PBXResourcesBuildPhase section */
		1F1C4EB82946632100722E89 /* Resources */ = {
			isa = PBXResourcesBuildPhase;
			buildActionMask = 2147483647;
			files = (
				1F1C4EC52946632700722E89 /* Preview Assets.xcassets in Resources */,
				1F1C4EC22946632700722E89 /* Assets.xcassets in Resources */,
			);
			runOnlyForDeploymentPostprocessing = 0;
		};
/* End PBXResourcesBuildPhase section */

/* Begin PBXSourcesBuildPhase section */
		1F1C4EB62946632100722E89 /* Sources */ = {
			isa = PBXSourcesBuildPhase;
			buildActionMask = 2147483647;
			files = (
				1F211D7129488A950009DF65 /* ColorRectangleView.swift in Sources */,
				1F211D7329489C460009DF65 /* ColorToolsView.swift in Sources */,
				1F211D6F294889340009DF65 /* ColorTextView.swift in Sources */,
				1F1C4EC02946632100722E89 /* ContentView.swift in Sources */,
				1F211D6D294888A40009DF65 /* TextfieldView.swift in Sources */,
				1F1C4EBE2946632100722E89 /* ColorSlidersApp.swift in Sources */,
			);
			runOnlyForDeploymentPostprocessing = 0;
		};
/* End PBXSourcesBuildPhase section */

/* Begin XCBuildConfiguration section */
		1F1C4EC62946632700722E89 /* Debug */ = {
			isa = XCBuildConfiguration;
			buildSettings = {
				ALWAYS_SEARCH_USER_PATHS = NO;
				CLANG_ANALYZER_NONNULL = YES;
				CLANG_ANALYZER_NUMBER_OBJECT_CONVERSION = YES_AGGRESSIVE;
				CLANG_CXX_LANGUAGE_STANDARD = "gnu++20";
				CLANG_ENABLE_MODULES = YES;
				CLANG_ENABLE_OBJC_ARC = YES;
				CLANG_ENABLE_OBJC_WEAK = YES;
				CLANG_WARN_BLOCK_CAPTURE_AUTORELEASING = YES;
				CLANG_WARN_BOOL_CONVERSION = YES;
				CLANG_WARN_COMMA = YES;
				CLANG_WARN_CONSTANT_CONVERSION = YES;
				CLANG_WARN_DEPRECATED_OBJC_IMPLEMENTATIONS = YES;
				CLANG_WARN_DIRECT_OBJC_ISA_USAGE = YES_ERROR;
				CLANG_WARN_DOCUMENTATION_COMMENTS = YES;
				CLANG_WARN_EMPTY_BODY = YES;
				CLANG_WARN_ENUM_CONVERSION = YES;
				CLANG_WARN_INFINITE_RECURSION = YES;
				CLANG_WARN_INT_CONVERSION = YES;
				CLANG_WARN_NON_LITERAL_NULL_CONVERSION = YES;
				CLANG_WARN_OBJC_IMPLICIT_RETAIN_SELF = YES;
				CLANG_WARN_OBJC_LITERAL_CONVERSION = YES;
				CLANG_WARN_OBJC_ROOT_CLASS = YES_ERROR;
				CLANG_WARN_QUOTED_INCLUDE_IN_FRAMEWORK_HEADER = YES;
				CLANG_WARN_RANGE_LOOP_ANALYSIS = YES;
				CLANG_WARN_STRICT_PROTOTYPES = YES;
				CLANG_WARN_SUSPICIOUS_MOVE = YES;
				CLANG_WARN_UNGUARDED_AVAILABILITY = YES_AGGRESSIVE;
				CLANG_WARN_UNREACHABLE_CODE = YES;
				CLANG_WARN__DUPLICATE_METHOD_MATCH = YES;
				COPY_PHASE_STRIP = NO;
				DEBUG_INFORMATION_FORMAT = dwarf;
				ENABLE_STRICT_OBJC_MSGSEND = YES;
				ENABLE_TESTABILITY = YES;
				GCC_C_LANGUAGE_STANDARD = gnu11;
				GCC_DYNAMIC_NO_PIC = NO;
				GCC_NO_COMMON_BLOCKS = YES;
				GCC_OPTIMIZATION_LEVEL = 0;
				GCC_PREPROCESSOR_DEFINITIONS = (
					"DEBUG=1",
					"$(inherited)",
				);
				GCC_WARN_64_TO_32_BIT_CONVERSION = YES;
				GCC_WARN_ABOUT_RETURN_TYPE = YES_ERROR;
				GCC_WARN_UNDECLARED_SELECTOR = YES;
				GCC_WARN_UNINITIALIZED_AUTOS = YES_AGGRESSIVE;
				GCC_WARN_UNUSED_FUNCTION = YES;
				GCC_WARN_UNUSED_VARIABLE = YES;
				IPHONEOS_DEPLOYMENT_TARGET = 16.0;
				MTL_ENABLE_DEBUG_INFO = INCLUDE_SOURCE;
				MTL_FAST_MATH = YES;
				ONLY_ACTIVE_ARCH = YES;
				SDKROOT = iphoneos;
				SWIFT_ACTIVE_COMPILATION_CONDITIONS = DEBUG;
				SWIFT_OPTIMIZATION_LEVEL = "-Onone";
			};
			name = Debug;
		};
		1F1C4EC72946632700722E89 /* Release */ = {
			isa = XCBuildConfiguration;
			buildSettings = {
				ALWAYS_SEARCH_USER_PATHS = NO;
				CLANG_ANALYZER_NONNULL = YES;
				CLANG_ANALYZER_NUMBER_OBJECT_CONVERSION = YES_AGGRESSIVE;
				CLANG_CXX_LANGUAGE_STANDARD = "gnu++20";
				CLANG_ENABLE_MODULES = YES;
				CLANG_ENABLE_OBJC_ARC = YES;
				CLANG_ENABLE_OBJC_WEAK = YES;
				CLANG_WARN_BLOCK_CAPTURE_AUTORELEASING = YES;
				CLANG_WARN_BOOL_CONVERSION = YES;
				CLANG_WARN_COMMA = YES;
				CLANG_WARN_CONSTANT_CONVERSION = YES;
				CLANG_WARN_DEPRECATED_OBJC_IMPLEMENTATIONS = YES;
				CLANG_WARN_DIRECT_OBJC_ISA_USAGE = YES_ERROR;
				CLANG_WARN_DOCUMENTATION_COMMENTS = YES;
				CLANG_WARN_EMPTY_BODY = YES;
				CLANG_WARN_ENUM_CONVERSION = YES;
				CLANG_WARN_INFINITE_RECURSION = YES;
				CLANG_WARN_INT_CONVERSION = YES;
				CLANG_WARN_NON_LITERAL_NULL_CONVERSION = YES;
				CLANG_WARN_OBJC_IMPLICIT_RETAIN_SELF = YES;
				CLANG_WARN_OBJC_LITERAL_CONVERSION = YES;
				CLANG_WARN_OBJC_ROOT_CLASS = YES_ERROR;
				CLANG_WARN_QUOTED_INCLUDE_IN_FRAMEWORK_HEADER = YES;
				CLANG_WARN_RANGE_LOOP_ANALYSIS = YES;
				CLANG_WARN_STRICT_PROTOTYPES = YES;
				CLANG_WARN_SUSPICIOUS_MOVE = YES;
				CLANG_WARN_UNGUARDED_AVAILABILITY = YES_AGGRESSIVE;
				CLANG_WARN_UNREACHABLE_CODE = YES;
				CLANG_WARN__DUPLICATE_METHOD_MATCH = YES;
				COPY_PHASE_STRIP = NO;
				DEBUG_INFORMATION_FORMAT = "dwarf-with-dsym";
				ENABLE_NS_ASSERTIONS = NO;
				ENABLE_STRICT_OBJC_MSGSEND = YES;
				GCC_C_LANGUAGE_STANDARD = gnu11;
				GCC_NO_COMMON_BLOCKS = YES;
				GCC_WARN_64_TO_32_BIT_CONVERSION = YES;
				GCC_WARN_ABOUT_RETURN_TYPE = YES_ERROR;
				GCC_WARN_UNDECLARED_SELECTOR = YES;
				GCC_WARN_UNINITIALIZED_AUTOS = YES_AGGRESSIVE;
				GCC_WARN_UNUSED_FUNCTION = YES;
				GCC_WARN_UNUSED_VARIABLE = YES;
				IPHONEOS_DEPLOYMENT_TARGET = 16.0;
				MTL_ENABLE_DEBUG_INFO = NO;
				MTL_FAST_MATH = YES;
				SDKROOT = iphoneos;
				SWIFT_COMPILATION_MODE = wholemodule;
				SWIFT_OPTIMIZATION_LEVEL = "-O";
				VALIDATE_PRODUCT = YES;
			};
			name = Release;
		};
		1F1C4EC92946632700722E89 /* Debug */ = {
			isa = XCBuildConfiguration;
			buildSettings = {
				ASSETCATALOG_COMPILER_APPICON_NAME = AppIcon;
				ASSETCATALOG_COMPILER_GLOBAL_ACCENT_COLOR_NAME = AccentColor;
				CODE_SIGN_STYLE = Automatic;
				CURRENT_PROJECT_VERSION = 1;
				DEVELOPMENT_ASSET_PATHS = "\"ColorSliders/Preview Content\"";
				DEVELOPMENT_TEAM = 22NTM9AJGF;
				ENABLE_PREVIEWS = YES;
				GENERATE_INFOPLIST_FILE = YES;
				INFOPLIST_KEY_UIApplicationSceneManifest_Generation = YES;
				INFOPLIST_KEY_UIApplicationSupportsIndirectInputEvents = YES;
				INFOPLIST_KEY_UILaunchScreen_Generation = YES;
				INFOPLIST_KEY_UISupportedInterfaceOrientations_iPad = "UIInterfaceOrientationPortrait UIInterfaceOrientationPortraitUpsideDown UIInterfaceOrientationLandscapeLeft UIInterfaceOrientationLandscapeRight";
				INFOPLIST_KEY_UISupportedInterfaceOrientations_iPhone = "UIInterfaceOrientationPortrait UIInterfaceOrientationLandscapeLeft UIInterfaceOrientationLandscapeRight";
				LD_RUNPATH_SEARCH_PATHS = (
					"$(inherited)",
					"@executable_path/Frameworks",
				);
				MARKETING_VERSION = 1.0;
				PRODUCT_BUNDLE_IDENTIFIER = "ru.Alexander-Mayyura.ColorSliders";
				PRODUCT_NAME = "$(TARGET_NAME)";
				SWIFT_EMIT_LOC_STRINGS = YES;
				SWIFT_VERSION = 5.0;
				TARGETED_DEVICE_FAMILY = "1,2";
			};
			name = Debug;
		};
		1F1C4ECA2946632700722E89 /* Release */ = {
			isa = XCBuildConfiguration;
			buildSettings = {
				ASSETCATALOG_COMPILER_APPICON_NAME = AppIcon;
				ASSETCATALOG_COMPILER_GLOBAL_ACCENT_COLOR_NAME = AccentColor;
				CODE_SIGN_STYLE = Automatic;
				CURRENT_PROJECT_VERSION = 1;
				DEVELOPMENT_ASSET_PATHS = "\"ColorSliders/Preview Content\"";
				DEVELOPMENT_TEAM = 22NTM9AJGF;
				ENABLE_PREVIEWS = YES;
				GENERATE_INFOPLIST_FILE = YES;
				INFOPLIST_KEY_UIApplicationSceneManifest_Generation = YES;
				INFOPLIST_KEY_UIApplicationSupportsIndirectInputEvents = YES;
				INFOPLIST_KEY_UILaunchScreen_Generation = YES;
				INFOPLIST_KEY_UISupportedInterfaceOrientations_iPad = "UIInterfaceOrientationPortrait UIInterfaceOrientationPortraitUpsideDown UIInterfaceOrientationLandscapeLeft UIInterfaceOrientationLandscapeRight";
				INFOPLIST_KEY_UISupportedInterfaceOrientations_iPhone = "UIInterfaceOrientationPortrait UIInterfaceOrientationLandscapeLeft UIInterfaceOrientationLandscapeRight";
				LD_RUNPATH_SEARCH_PATHS = (
					"$(inherited)",
					"@executable_path/Frameworks",
				);
				MARKETING_VERSION = 1.0;
				PRODUCT_BUNDLE_IDENTIFIER = "ru.Alexander-Mayyura.ColorSliders";
				PRODUCT_NAME = "$(TARGET_NAME)";
				SWIFT_EMIT_LOC_STRINGS = YES;
				SWIFT_VERSION = 5.0;
				TARGETED_DEVICE_FAMILY = "1,2";
			};
			name = Release;
		};
/* End XCBuildConfiguration section */

/* Begin XCConfigurationList section */
		1F1C4EB52946632100722E89 /* Build configuration list for PBXProject "ColorSliders" */ = {
			isa = XCConfigurationList;
			buildConfigurations = (
				1F1C4EC62946632700722E89 /* Debug */,
				1F1C4EC72946632700722E89 /* Release */,
			);
			defaultConfigurationIsVisible = 0;
			defaultConfigurationName = Release;
		};
		1F1C4EC82946632700722E89 /* Build configuration list for PBXNativeTarget "ColorSliders" */ = {
			isa = XCConfigurationList;
			buildConfigurations = (
				1F1C4EC92946632700722E89 /* Debug */,
				1F1C4ECA2946632700722E89 /* Release */,
			);
			defaultConfigurationIsVisible = 0;
			defaultConfigurationName = Release;
		};
/* End XCConfigurationList section */
	};
	rootObject = 1F1C4EB22946632100722E89 /* Project object */;
}
